// !$*UTF8*$!
{
	archiveVersion = 1;
	classes = {
	};
	objectVersion = 56;
	objects = {

/* Begin PBXBuildFile section */
		7C1B542C293CB30D004B5EF0 /* AppDelegate.swift in Sources */ = {isa = PBXBuildFile; fileRef = 7C1B542B293CB30D004B5EF0 /* AppDelegate.swift */; };
		7C1B542E293CB30D004B5EF0 /* SceneDelegate.swift in Sources */ = {isa = PBXBuildFile; fileRef = 7C1B542D293CB30D004B5EF0 /* SceneDelegate.swift */; };
		7C1B5435293CB30E004B5EF0 /* Assets.xcassets in Resources */ = {isa = PBXBuildFile; fileRef = 7C1B5434293CB30E004B5EF0 /* Assets.xcassets */; };
		7C1B5438293CB30E004B5EF0 /* LaunchScreen.storyboard in Resources */ = {isa = PBXBuildFile; fileRef = 7C1B5436293CB30E004B5EF0 /* LaunchScreen.storyboard */; };
		7C1B5443293CB30E004B5EF0 /* PersonalLogTests.swift in Sources */ = {isa = PBXBuildFile; fileRef = 7C1B5442293CB30E004B5EF0 /* PersonalLogTests.swift */; };
		7C1B545C293CB4A4004B5EF0 /* TopViewController.swift in Sources */ = {isa = PBXBuildFile; fileRef = 7C1B545B293CB4A4004B5EF0 /* TopViewController.swift */; };
		7C1B545E293CB6F8004B5EF0 /* JournalViewController.swift in Sources */ = {isa = PBXBuildFile; fileRef = 7C1B545D293CB6F8004B5EF0 /* JournalViewController.swift */; };
		7C1B5460293CB9B4004B5EF0 /* JournalEntryEditor.swift in Sources */ = {isa = PBXBuildFile; fileRef = 7C1B545F293CB9B4004B5EF0 /* JournalEntryEditor.swift */; };
		7C1B5462293CCB92004B5EF0 /* EmojiPicker.swift in Sources */ = {isa = PBXBuildFile; fileRef = 7C1B5461293CCB92004B5EF0 /* EmojiPicker.swift */; };
		7C4AC689293CFACB00E8EDFE /* TagsListView.swift in Sources */ = {isa = PBXBuildFile; fileRef = 7C4AC688293CFACB00E8EDFE /* TagsListView.swift */; };
		7C4AC68B293D04CF00E8EDFE /* PhrasesPicker.swift in Sources */ = {isa = PBXBuildFile; fileRef = 7C4AC68A293D04CE00E8EDFE /* PhrasesPicker.swift */; };
		7C4AC68D293D213B00E8EDFE /* JournalEntryCell.swift in Sources */ = {isa = PBXBuildFile; fileRef = 7C4AC68C293D213B00E8EDFE /* JournalEntryCell.swift */; };
		7C4AC68F293D4A5A00E8EDFE /* Journal.swift in Sources */ = {isa = PBXBuildFile; fileRef = 7C4AC68E293D4A5A00E8EDFE /* Journal.swift */; };
		7C4AC691293D705700E8EDFE /* JournalArchive.swift in Sources */ = {isa = PBXBuildFile; fileRef = 7C4AC690293D705700E8EDFE /* JournalArchive.swift */; };
		7C4AC693293D706100E8EDFE /* JournalEntry.swift in Sources */ = {isa = PBXBuildFile; fileRef = 7C4AC692293D706100E8EDFE /* JournalEntry.swift */; };
		7CA683522947C85700BD6D12 /* emoji.png in Resources */ = {isa = PBXBuildFile; fileRef = 7CA6834C2947C85600BD6D12 /* emoji.png */; };
		7CA683532947C85700BD6D12 /* writing_prompts.png in Resources */ = {isa = PBXBuildFile; fileRef = 7CA6834D2947C85600BD6D12 /* writing_prompts.png */; };
		7CA683542947C85700BD6D12 /* empty.png in Resources */ = {isa = PBXBuildFile; fileRef = 7CA6834E2947C85600BD6D12 /* empty.png */; };
		7CA683552947C85700BD6D12 /* full_no_chrome.png in Resources */ = {isa = PBXBuildFile; fileRef = 7CA6834F2947C85600BD6D12 /* full_no_chrome.png */; };
		7CA683562947C85700BD6D12 /* full_with_chrome.png in Resources */ = {isa = PBXBuildFile; fileRef = 7CA683502947C85600BD6D12 /* full_with_chrome.png */; };
		7CA683572947C85700BD6D12 /* entry.png in Resources */ = {isa = PBXBuildFile; fileRef = 7CA683512947C85700BD6D12 /* entry.png */; };
		7CBFAADD293F530B0036D457 /* SearchArchive.swift in Sources */ = {isa = PBXBuildFile; fileRef = 7CBFAADC293F530B0036D457 /* SearchArchive.swift */; };
		7CBFAAE3293F9DC30036D457 /* Toolbar.swift in Sources */ = {isa = PBXBuildFile; fileRef = 7CBFAAE2293F9DC30036D457 /* Toolbar.swift */; };
		7CE7FF2D293FAE5900B177E2 /* DayPicker.swift in Sources */ = {isa = PBXBuildFile; fileRef = 7CE7FF2C293FAE5900B177E2 /* DayPicker.swift */; };
		7CE7FF322941EA0800B177E2 /* prompts.txt in Resources */ = {isa = PBXBuildFile; fileRef = 7CE7FF312941EA0800B177E2 /* prompts.txt */; };
		7CE7FF342941F6C200B177E2 /* WritingPrompts.swift in Sources */ = {isa = PBXBuildFile; fileRef = 7CE7FF332941F6C200B177E2 /* WritingPrompts.swift */; };
		7CE7FF362941F97B00B177E2 /* PromptPicker.swift in Sources */ = {isa = PBXBuildFile; fileRef = 7CE7FF352941F97B00B177E2 /* PromptPicker.swift */; };
		7CE7FF382942029D00B177E2 /* README.md in Resources */ = {isa = PBXBuildFile; fileRef = 7CE7FF372942029D00B177E2 /* README.md */; };
		7CE7FF3A2942460E00B177E2 /* license.txt in Resources */ = {isa = PBXBuildFile; fileRef = 7CE7FF392942460E00B177E2 /* license.txt */; };
		7CE7FF5029436DBF00B177E2 /* TestingFlags.swift in Sources */ = {isa = PBXBuildFile; fileRef = 7CE7FF4F29436DBF00B177E2 /* TestingFlags.swift */; };
/* End PBXBuildFile section */

/* Begin PBXContainerItemProxy section */
		7C1B543F293CB30E004B5EF0 /* PBXContainerItemProxy */ = {
			isa = PBXContainerItemProxy;
			containerPortal = 7C1B5420293CB30D004B5EF0 /* Project object */;
			proxyType = 1;
			remoteGlobalIDString = 7C1B5427293CB30D004B5EF0;
			remoteInfo = PersonalLog;
		};
/* End PBXContainerItemProxy section */

/* Begin PBXFileReference section */
		7C1B5428293CB30D004B5EF0 /* PersonalLog.app */ = {isa = PBXFileReference; explicitFileType = wrapper.application; includeInIndex = 0; path = PersonalLog.app; sourceTree = BUILT_PRODUCTS_DIR; };
		7C1B542B293CB30D004B5EF0 /* AppDelegate.swift */ = {isa = PBXFileReference; lastKnownFileType = sourcecode.swift; path = AppDelegate.swift; sourceTree = "<group>"; };
		7C1B542D293CB30D004B5EF0 /* SceneDelegate.swift */ = {isa = PBXFileReference; lastKnownFileType = sourcecode.swift; path = SceneDelegate.swift; sourceTree = "<group>"; };
		7C1B5434293CB30E004B5EF0 /* Assets.xcassets */ = {isa = PBXFileReference; lastKnownFileType = folder.assetcatalog; path = Assets.xcassets; sourceTree = "<group>"; };
		7C1B5437293CB30E004B5EF0 /* Base */ = {isa = PBXFileReference; lastKnownFileType = file.storyboard; name = Base; path = Base.lproj/LaunchScreen.storyboard; sourceTree = "<group>"; };
		7C1B5439293CB30E004B5EF0 /* Info.plist */ = {isa = PBXFileReference; lastKnownFileType = text.plist.xml; path = Info.plist; sourceTree = "<group>"; };
		7C1B543E293CB30E004B5EF0 /* PersonalLogTests.xctest */ = {isa = PBXFileReference; explicitFileType = wrapper.cfbundle; includeInIndex = 0; path = PersonalLogTests.xctest; sourceTree = BUILT_PRODUCTS_DIR; };
		7C1B5442293CB30E004B5EF0 /* PersonalLogTests.swift */ = {isa = PBXFileReference; lastKnownFileType = sourcecode.swift; path = PersonalLogTests.swift; sourceTree = "<group>"; };
		7C1B545B293CB4A4004B5EF0 /* TopViewController.swift */ = {isa = PBXFileReference; lastKnownFileType = sourcecode.swift; path = TopViewController.swift; sourceTree = "<group>"; };
		7C1B545D293CB6F8004B5EF0 /* JournalViewController.swift */ = {isa = PBXFileReference; lastKnownFileType = sourcecode.swift; path = JournalViewController.swift; sourceTree = "<group>"; };
		7C1B545F293CB9B4004B5EF0 /* JournalEntryEditor.swift */ = {isa = PBXFileReference; lastKnownFileType = sourcecode.swift; path = JournalEntryEditor.swift; sourceTree = "<group>"; };
		7C1B5461293CCB92004B5EF0 /* EmojiPicker.swift */ = {isa = PBXFileReference; lastKnownFileType = sourcecode.swift; path = EmojiPicker.swift; sourceTree = "<group>"; };
		7C4AC688293CFACB00E8EDFE /* TagsListView.swift */ = {isa = PBXFileReference; lastKnownFileType = sourcecode.swift; path = TagsListView.swift; sourceTree = "<group>"; };
		7C4AC68A293D04CE00E8EDFE /* PhrasesPicker.swift */ = {isa = PBXFileReference; lastKnownFileType = sourcecode.swift; path = PhrasesPicker.swift; sourceTree = "<group>"; };
		7C4AC68C293D213B00E8EDFE /* JournalEntryCell.swift */ = {isa = PBXFileReference; lastKnownFileType = sourcecode.swift; path = JournalEntryCell.swift; sourceTree = "<group>"; };
		7C4AC68E293D4A5A00E8EDFE /* Journal.swift */ = {isa = PBXFileReference; lastKnownFileType = sourcecode.swift; path = Journal.swift; sourceTree = "<group>"; };
		7C4AC690293D705700E8EDFE /* JournalArchive.swift */ = {isa = PBXFileReference; lastKnownFileType = sourcecode.swift; path = JournalArchive.swift; sourceTree = "<group>"; };
		7C4AC692293D706100E8EDFE /* JournalEntry.swift */ = {isa = PBXFileReference; lastKnownFileType = sourcecode.swift; path = JournalEntry.swift; sourceTree = "<group>"; };
		7CA6834A2947C63900BD6D12 /* app_store.svg */ = {isa = PBXFileReference; lastKnownFileType = text; path = app_store.svg; sourceTree = "<group>"; };
		7CA6834C2947C85600BD6D12 /* emoji.png */ = {isa = PBXFileReference; lastKnownFileType = image.png; path = emoji.png; sourceTree = "<group>"; };
		7CA6834D2947C85600BD6D12 /* writing_prompts.png */ = {isa = PBXFileReference; lastKnownFileType = image.png; path = writing_prompts.png; sourceTree = "<group>"; };
		7CA6834E2947C85600BD6D12 /* empty.png */ = {isa = PBXFileReference; lastKnownFileType = image.png; path = empty.png; sourceTree = "<group>"; };
		7CA6834F2947C85600BD6D12 /* full_no_chrome.png */ = {isa = PBXFileReference; lastKnownFileType = image.png; path = full_no_chrome.png; sourceTree = "<group>"; };
		7CA683502947C85600BD6D12 /* full_with_chrome.png */ = {isa = PBXFileReference; lastKnownFileType = image.png; path = full_with_chrome.png; sourceTree = "<group>"; };
		7CA683512947C85700BD6D12 /* entry.png */ = {isa = PBXFileReference; lastKnownFileType = image.png; path = entry.png; sourceTree = "<group>"; };
		7CBFAADC293F530B0036D457 /* SearchArchive.swift */ = {isa = PBXFileReference; lastKnownFileType = sourcecode.swift; path = SearchArchive.swift; sourceTree = "<group>"; };
		7CBFAAE2293F9DC30036D457 /* Toolbar.swift */ = {isa = PBXFileReference; lastKnownFileType = sourcecode.swift; path = Toolbar.swift; sourceTree = "<group>"; };
		7CC663EB29D5C0EE001B7139 /* TODO.md */ = {isa = PBXFileReference; lastKnownFileType = net.daringfireball.markdown; path = TODO.md; sourceTree = "<group>"; };
		7CE7FF2C293FAE5900B177E2 /* DayPicker.swift */ = {isa = PBXFileReference; lastKnownFileType = sourcecode.swift; path = DayPicker.swift; sourceTree = "<group>"; };
		7CE7FF312941EA0800B177E2 /* prompts.txt */ = {isa = PBXFileReference; lastKnownFileType = text; path = prompts.txt; sourceTree = "<group>"; };
		7CE7FF332941F6C200B177E2 /* WritingPrompts.swift */ = {isa = PBXFileReference; lastKnownFileType = sourcecode.swift; path = WritingPrompts.swift; sourceTree = "<group>"; };
		7CE7FF352941F97B00B177E2 /* PromptPicker.swift */ = {isa = PBXFileReference; lastKnownFileType = sourcecode.swift; path = PromptPicker.swift; sourceTree = "<group>"; };
		7CE7FF372942029D00B177E2 /* README.md */ = {isa = PBXFileReference; lastKnownFileType = net.daringfireball.markdown; path = README.md; sourceTree = "<group>"; };
		7CE7FF392942460E00B177E2 /* license.txt */ = {isa = PBXFileReference; lastKnownFileType = text; path = license.txt; sourceTree = "<group>"; };
		7CE7FF4929426C7400B177E2 /* app store blurb */ = {isa = PBXFileReference; lastKnownFileType = text; path = "app store blurb"; sourceTree = "<group>"; };
		7CE7FF4F29436DBF00B177E2 /* TestingFlags.swift */ = {isa = PBXFileReference; lastKnownFileType = sourcecode.swift; path = TestingFlags.swift; sourceTree = "<group>"; };
/* End PBXFileReference section */

/* Begin PBXFrameworksBuildPhase section */
		7C1B5425293CB30D004B5EF0 /* Frameworks */ = {
			isa = PBXFrameworksBuildPhase;
			buildActionMask = 2147483647;
			files = (
			);
			runOnlyForDeploymentPostprocessing = 0;
		};
		7C1B543B293CB30E004B5EF0 /* Frameworks */ = {
			isa = PBXFrameworksBuildPhase;
			buildActionMask = 2147483647;
			files = (
			);
			runOnlyForDeploymentPostprocessing = 0;
		};
/* End PBXFrameworksBuildPhase section */

/* Begin PBXGroup section */
		7C1B541F293CB30D004B5EF0 = {
			isa = PBXGroup;
			children = (
				7CC663EB29D5C0EE001B7139 /* TODO.md */,
				7CE7FF372942029D00B177E2 /* README.md */,
				7CE7FF392942460E00B177E2 /* license.txt */,
				7CE7FF3B2942688000B177E2 /* promotional */,
				7C1B542A293CB30D004B5EF0 /* PersonalLog */,
				7C1B5441293CB30E004B5EF0 /* PersonalLogTests */,
				7C1B5429293CB30D004B5EF0 /* Products */,
			);
			sourceTree = "<group>";
		};
		7C1B5429293CB30D004B5EF0 /* Products */ = {
			isa = PBXGroup;
			children = (
				7C1B5428293CB30D004B5EF0 /* PersonalLog.app */,
				7C1B543E293CB30E004B5EF0 /* PersonalLogTests.xctest */,
			);
			name = Products;
			sourceTree = "<group>";
		};
		7C1B542A293CB30D004B5EF0 /* PersonalLog */ = {
			isa = PBXGroup;
			children = (
				7C1B542B293CB30D004B5EF0 /* AppDelegate.swift */,
				7C1B542D293CB30D004B5EF0 /* SceneDelegate.swift */,
				7C4AC694293D707600E8EDFE /* Model */,
				7CE7FF3029411C4D00B177E2 /* Top Level */,
				7C4AC696293E4FF500E8EDFE /* Listing Entries */,
				7C4AC695293E4FDF00E8EDFE /* Editing Entries */,
				7C1B5434293CB30E004B5EF0 /* Assets.xcassets */,
				7C1B5436293CB30E004B5EF0 /* LaunchScreen.storyboard */,
				7CE7FF312941EA0800B177E2 /* prompts.txt */,
				7C1B5439293CB30E004B5EF0 /* Info.plist */,
			);
			path = PersonalLog;
			sourceTree = "<group>";
		};
		7C1B5441293CB30E004B5EF0 /* PersonalLogTests */ = {
			isa = PBXGroup;
			children = (
				7C1B5442293CB30E004B5EF0 /* PersonalLogTests.swift */,
			);
			path = PersonalLogTests;
			sourceTree = "<group>";
		};
		7C4AC694293D707600E8EDFE /* Model */ = {
			isa = PBXGroup;
			children = (
				7C4AC68E293D4A5A00E8EDFE /* Journal.swift */,
				7CE7FF4F29436DBF00B177E2 /* TestingFlags.swift */,
				7C4AC692293D706100E8EDFE /* JournalEntry.swift */,
				7C4AC690293D705700E8EDFE /* JournalArchive.swift */,
				7CBFAADC293F530B0036D457 /* SearchArchive.swift */,
				7CE7FF332941F6C200B177E2 /* WritingPrompts.swift */,
			);
			path = Model;
			sourceTree = "<group>";
		};
		7C4AC695293E4FDF00E8EDFE /* Editing Entries */ = {
			isa = PBXGroup;
			children = (
				7C1B545F293CB9B4004B5EF0 /* JournalEntryEditor.swift */,
				7C4AC68A293D04CE00E8EDFE /* PhrasesPicker.swift */,
				7CE7FF352941F97B00B177E2 /* PromptPicker.swift */,
				7C4AC688293CFACB00E8EDFE /* TagsListView.swift */,
				7C1B5461293CCB92004B5EF0 /* EmojiPicker.swift */,
			);
			path = "Editing Entries";
			sourceTree = "<group>";
		};
		7C4AC696293E4FF500E8EDFE /* Listing Entries */ = {
			isa = PBXGroup;
			children = (
				7C1B545D293CB6F8004B5EF0 /* JournalViewController.swift */,
				7C4AC68C293D213B00E8EDFE /* JournalEntryCell.swift */,
			);
			path = "Listing Entries";
			sourceTree = "<group>";
		};
		7CA683492947C5F900BD6D12 /* badges */ = {
			isa = PBXGroup;
			children = (
				7CA6834A2947C63900BD6D12 /* app_store.svg */,
			);
			path = badges;
			sourceTree = "<group>";
		};
		7CA6834B2947C81500BD6D12 /* screenshots */ = {
			isa = PBXGroup;
			children = (
				7CA6834F2947C85600BD6D12 /* full_no_chrome.png */,
				7CA683512947C85700BD6D12 /* entry.png */,
				7CA6834D2947C85600BD6D12 /* writing_prompts.png */,
				7CA6834C2947C85600BD6D12 /* emoji.png */,
				7CA6834E2947C85600BD6D12 /* empty.png */,
				7CA683502947C85600BD6D12 /* full_with_chrome.png */,
			);
			path = screenshots;
			sourceTree = "<group>";
		};
		7CE7FF3029411C4D00B177E2 /* Top Level */ = {
			isa = PBXGroup;
			children = (
				7C1B545B293CB4A4004B5EF0 /* TopViewController.swift */,
				7CBFAAE2293F9DC30036D457 /* Toolbar.swift */,
				7CE7FF2C293FAE5900B177E2 /* DayPicker.swift */,
			);
			path = "Top Level";
			sourceTree = "<group>";
		};
		7CE7FF3B2942688000B177E2 /* promotional */ = {
			isa = PBXGroup;
			children = (
				7CA6834B2947C81500BD6D12 /* screenshots */,
				7CA683492947C5F900BD6D12 /* badges */,
				7CE7FF4929426C7400B177E2 /* app store blurb */,
			);
			path = promotional;
			sourceTree = "<group>";
		};
/* End PBXGroup section */

/* Begin PBXNativeTarget section */
		7C1B5427293CB30D004B5EF0 /* PersonalLog */ = {
			isa = PBXNativeTarget;
			buildConfigurationList = 7C1B5452293CB30E004B5EF0 /* Build configuration list for PBXNativeTarget "PersonalLog" */;
			buildPhases = (
				7C1B5424293CB30D004B5EF0 /* Sources */,
				7C1B5425293CB30D004B5EF0 /* Frameworks */,
				7C1B5426293CB30D004B5EF0 /* Resources */,
			);
			buildRules = (
			);
			dependencies = (
			);
			name = PersonalLog;
			productName = PersonalLog;
			productReference = 7C1B5428293CB30D004B5EF0 /* PersonalLog.app */;
			productType = "com.apple.product-type.application";
		};
		7C1B543D293CB30E004B5EF0 /* PersonalLogTests */ = {
			isa = PBXNativeTarget;
			buildConfigurationList = 7C1B5455293CB30E004B5EF0 /* Build configuration list for PBXNativeTarget "PersonalLogTests" */;
			buildPhases = (
				7C1B543A293CB30E004B5EF0 /* Sources */,
				7C1B543B293CB30E004B5EF0 /* Frameworks */,
				7C1B543C293CB30E004B5EF0 /* Resources */,
			);
			buildRules = (
			);
			dependencies = (
				7C1B5440293CB30E004B5EF0 /* PBXTargetDependency */,
			);
			name = PersonalLogTests;
			productName = PersonalLogTests;
			productReference = 7C1B543E293CB30E004B5EF0 /* PersonalLogTests.xctest */;
			productType = "com.apple.product-type.bundle.unit-test";
		};
/* End PBXNativeTarget section */

/* Begin PBXProject section */
		7C1B5420293CB30D004B5EF0 /* Project object */ = {
			isa = PBXProject;
			attributes = {
				BuildIndependentTargetsInParallel = 1;
				LastSwiftUpdateCheck = 1400;
				LastUpgradeCheck = 1400;
				TargetAttributes = {
					7C1B5427293CB30D004B5EF0 = {
						CreatedOnToolsVersion = 14.0.1;
					};
					7C1B543D293CB30E004B5EF0 = {
						CreatedOnToolsVersion = 14.0.1;
						TestTargetID = 7C1B5427293CB30D004B5EF0;
					};
				};
			};
			buildConfigurationList = 7C1B5423293CB30D004B5EF0 /* Build configuration list for PBXProject "PersonalLog" */;
			compatibilityVersion = "Xcode 14.0";
			developmentRegion = en;
			hasScannedForEncodings = 0;
			knownRegions = (
				en,
				Base,
			);
			mainGroup = 7C1B541F293CB30D004B5EF0;
			productRefGroup = 7C1B5429293CB30D004B5EF0 /* Products */;
			projectDirPath = "";
			projectRoot = "";
			targets = (
				7C1B5427293CB30D004B5EF0 /* PersonalLog */,
				7C1B543D293CB30E004B5EF0 /* PersonalLogTests */,
			);
		};
/* End PBXProject section */

/* Begin PBXResourcesBuildPhase section */
		7C1B5426293CB30D004B5EF0 /* Resources */ = {
			isa = PBXResourcesBuildPhase;
			buildActionMask = 2147483647;
			files = (
				7CA683522947C85700BD6D12 /* emoji.png in Resources */,
				7CE7FF322941EA0800B177E2 /* prompts.txt in Resources */,
				7CA683562947C85700BD6D12 /* full_with_chrome.png in Resources */,
				7CE7FF3A2942460E00B177E2 /* license.txt in Resources */,
				7CA683542947C85700BD6D12 /* empty.png in Resources */,
				7C1B5438293CB30E004B5EF0 /* LaunchScreen.storyboard in Resources */,
				7CA683552947C85700BD6D12 /* full_no_chrome.png in Resources */,
				7CA683532947C85700BD6D12 /* writing_prompts.png in Resources */,
				7CE7FF382942029D00B177E2 /* README.md in Resources */,
				7C1B5435293CB30E004B5EF0 /* Assets.xcassets in Resources */,
				7CA683572947C85700BD6D12 /* entry.png in Resources */,
			);
			runOnlyForDeploymentPostprocessing = 0;
		};
		7C1B543C293CB30E004B5EF0 /* Resources */ = {
			isa = PBXResourcesBuildPhase;
			buildActionMask = 2147483647;
			files = (
			);
			runOnlyForDeploymentPostprocessing = 0;
		};
/* End PBXResourcesBuildPhase section */

/* Begin PBXSourcesBuildPhase section */
		7C1B5424293CB30D004B5EF0 /* Sources */ = {
			isa = PBXSourcesBuildPhase;
			buildActionMask = 2147483647;
			files = (
				7C1B545E293CB6F8004B5EF0 /* JournalViewController.swift in Sources */,
				7C1B5460293CB9B4004B5EF0 /* JournalEntryEditor.swift in Sources */,
				7C4AC68B293D04CF00E8EDFE /* PhrasesPicker.swift in Sources */,
				7C1B5462293CCB92004B5EF0 /* EmojiPicker.swift in Sources */,
				7C1B545C293CB4A4004B5EF0 /* TopViewController.swift in Sources */,
				7C4AC691293D705700E8EDFE /* JournalArchive.swift in Sources */,
				7CE7FF5029436DBF00B177E2 /* TestingFlags.swift in Sources */,
				7C4AC693293D706100E8EDFE /* JournalEntry.swift in Sources */,
				7CBFAAE3293F9DC30036D457 /* Toolbar.swift in Sources */,
				7CE7FF362941F97B00B177E2 /* PromptPicker.swift in Sources */,
				7CE7FF342941F6C200B177E2 /* WritingPrompts.swift in Sources */,
				7C1B542C293CB30D004B5EF0 /* AppDelegate.swift in Sources */,
				7CBFAADD293F530B0036D457 /* SearchArchive.swift in Sources */,
				7C4AC68D293D213B00E8EDFE /* JournalEntryCell.swift in Sources */,
				7C4AC68F293D4A5A00E8EDFE /* Journal.swift in Sources */,
				7CE7FF2D293FAE5900B177E2 /* DayPicker.swift in Sources */,
				7C4AC689293CFACB00E8EDFE /* TagsListView.swift in Sources */,
				7C1B542E293CB30D004B5EF0 /* SceneDelegate.swift in Sources */,
			);
			runOnlyForDeploymentPostprocessing = 0;
		};
		7C1B543A293CB30E004B5EF0 /* Sources */ = {
			isa = PBXSourcesBuildPhase;
			buildActionMask = 2147483647;
			files = (
				7C1B5443293CB30E004B5EF0 /* PersonalLogTests.swift in Sources */,
			);
			runOnlyForDeploymentPostprocessing = 0;
		};
/* End PBXSourcesBuildPhase section */

/* Begin PBXTargetDependency section */
		7C1B5440293CB30E004B5EF0 /* PBXTargetDependency */ = {
			isa = PBXTargetDependency;
			target = 7C1B5427293CB30D004B5EF0 /* PersonalLog */;
			targetProxy = 7C1B543F293CB30E004B5EF0 /* PBXContainerItemProxy */;
		};
/* End PBXTargetDependency section */

/* Begin PBXVariantGroup section */
		7C1B5436293CB30E004B5EF0 /* LaunchScreen.storyboard */ = {
			isa = PBXVariantGroup;
			children = (
				7C1B5437293CB30E004B5EF0 /* Base */,
			);
			name = LaunchScreen.storyboard;
			sourceTree = "<group>";
		};
/* End PBXVariantGroup section */

/* Begin XCBuildConfiguration section */
		7C1B5450293CB30E004B5EF0 /* Debug */ = {
			isa = XCBuildConfiguration;
			buildSettings = {
				ALWAYS_SEARCH_USER_PATHS = NO;
				CLANG_ANALYZER_NONNULL = YES;
				CLANG_ANALYZER_NUMBER_OBJECT_CONVERSION = YES_AGGRESSIVE;
				CLANG_CXX_LANGUAGE_STANDARD = "gnu++20";
				CLANG_ENABLE_MODULES = YES;
				CLANG_ENABLE_OBJC_ARC = YES;
				CLANG_ENABLE_OBJC_WEAK = YES;
				CLANG_WARN_BLOCK_CAPTURE_AUTORELEASING = YES;
				CLANG_WARN_BOOL_CONVERSION = YES;
				CLANG_WARN_COMMA = YES;
				CLANG_WARN_CONSTANT_CONVERSION = YES;
				CLANG_WARN_DEPRECATED_OBJC_IMPLEMENTATIONS = YES;
				CLANG_WARN_DIRECT_OBJC_ISA_USAGE = YES_ERROR;
				CLANG_WARN_DOCUMENTATION_COMMENTS = YES;
				CLANG_WARN_EMPTY_BODY = YES;
				CLANG_WARN_ENUM_CONVERSION = YES;
				CLANG_WARN_INFINITE_RECURSION = YES;
				CLANG_WARN_INT_CONVERSION = YES;
				CLANG_WARN_NON_LITERAL_NULL_CONVERSION = YES;
				CLANG_WARN_OBJC_IMPLICIT_RETAIN_SELF = YES;
				CLANG_WARN_OBJC_LITERAL_CONVERSION = YES;
				CLANG_WARN_OBJC_ROOT_CLASS = YES_ERROR;
				CLANG_WARN_QUOTED_INCLUDE_IN_FRAMEWORK_HEADER = YES;
				CLANG_WARN_RANGE_LOOP_ANALYSIS = YES;
				CLANG_WARN_STRICT_PROTOTYPES = YES;
				CLANG_WARN_SUSPICIOUS_MOVE = YES;
				CLANG_WARN_UNGUARDED_AVAILABILITY = YES_AGGRESSIVE;
				CLANG_WARN_UNREACHABLE_CODE = YES;
				CLANG_WARN__DUPLICATE_METHOD_MATCH = YES;
				COPY_PHASE_STRIP = NO;
				DEBUG_INFORMATION_FORMAT = dwarf;
				ENABLE_STRICT_OBJC_MSGSEND = YES;
				ENABLE_TESTABILITY = YES;
				GCC_C_LANGUAGE_STANDARD = gnu11;
				GCC_DYNAMIC_NO_PIC = NO;
				GCC_NO_COMMON_BLOCKS = YES;
				GCC_OPTIMIZATION_LEVEL = 0;
				GCC_PREPROCESSOR_DEFINITIONS = (
					"DEBUG=1",
					"$(inherited)",
				);
				GCC_WARN_64_TO_32_BIT_CONVERSION = YES;
				GCC_WARN_ABOUT_RETURN_TYPE = YES_ERROR;
				GCC_WARN_UNDECLARED_SELECTOR = YES;
				GCC_WARN_UNINITIALIZED_AUTOS = YES_AGGRESSIVE;
				GCC_WARN_UNUSED_FUNCTION = YES;
				GCC_WARN_UNUSED_VARIABLE = YES;
				IPHONEOS_DEPLOYMENT_TARGET = 16.0;
				MTL_ENABLE_DEBUG_INFO = INCLUDE_SOURCE;
				MTL_FAST_MATH = YES;
				ONLY_ACTIVE_ARCH = YES;
				SDKROOT = iphoneos;
				SWIFT_ACTIVE_COMPILATION_CONDITIONS = DEBUG;
				SWIFT_OPTIMIZATION_LEVEL = "-Onone";
			};
			name = Debug;
		};
		7C1B5451293CB30E004B5EF0 /* Release */ = {
			isa = XCBuildConfiguration;
			buildSettings = {
				ALWAYS_SEARCH_USER_PATHS = NO;
				CLANG_ANALYZER_NONNULL = YES;
				CLANG_ANALYZER_NUMBER_OBJECT_CONVERSION = YES_AGGRESSIVE;
				CLANG_CXX_LANGUAGE_STANDARD = "gnu++20";
				CLANG_ENABLE_MODULES = YES;
				CLANG_ENABLE_OBJC_ARC = YES;
				CLANG_ENABLE_OBJC_WEAK = YES;
				CLANG_WARN_BLOCK_CAPTURE_AUTORELEASING = YES;
				CLANG_WARN_BOOL_CONVERSION = YES;
				CLANG_WARN_COMMA = YES;
				CLANG_WARN_CONSTANT_CONVERSION = YES;
				CLANG_WARN_DEPRECATED_OBJC_IMPLEMENTATIONS = YES;
				CLANG_WARN_DIRECT_OBJC_ISA_USAGE = YES_ERROR;
				CLANG_WARN_DOCUMENTATION_COMMENTS = YES;
				CLANG_WARN_EMPTY_BODY = YES;
				CLANG_WARN_ENUM_CONVERSION = YES;
				CLANG_WARN_INFINITE_RECURSION = YES;
				CLANG_WARN_INT_CONVERSION = YES;
				CLANG_WARN_NON_LITERAL_NULL_CONVERSION = YES;
				CLANG_WARN_OBJC_IMPLICIT_RETAIN_SELF = YES;
				CLANG_WARN_OBJC_LITERAL_CONVERSION = YES;
				CLANG_WARN_OBJC_ROOT_CLASS = YES_ERROR;
				CLANG_WARN_QUOTED_INCLUDE_IN_FRAMEWORK_HEADER = YES;
				CLANG_WARN_RANGE_LOOP_ANALYSIS = YES;
				CLANG_WARN_STRICT_PROTOTYPES = YES;
				CLANG_WARN_SUSPICIOUS_MOVE = YES;
				CLANG_WARN_UNGUARDED_AVAILABILITY = YES_AGGRESSIVE;
				CLANG_WARN_UNREACHABLE_CODE = YES;
				CLANG_WARN__DUPLICATE_METHOD_MATCH = YES;
				COPY_PHASE_STRIP = NO;
				DEBUG_INFORMATION_FORMAT = "dwarf-with-dsym";
				ENABLE_NS_ASSERTIONS = NO;
				ENABLE_STRICT_OBJC_MSGSEND = YES;
				GCC_C_LANGUAGE_STANDARD = gnu11;
				GCC_NO_COMMON_BLOCKS = YES;
				GCC_WARN_64_TO_32_BIT_CONVERSION = YES;
				GCC_WARN_ABOUT_RETURN_TYPE = YES_ERROR;
				GCC_WARN_UNDECLARED_SELECTOR = YES;
				GCC_WARN_UNINITIALIZED_AUTOS = YES_AGGRESSIVE;
				GCC_WARN_UNUSED_FUNCTION = YES;
				GCC_WARN_UNUSED_VARIABLE = YES;
				IPHONEOS_DEPLOYMENT_TARGET = 16.0;
				MTL_ENABLE_DEBUG_INFO = NO;
				MTL_FAST_MATH = YES;
				SDKROOT = iphoneos;
				SWIFT_COMPILATION_MODE = wholemodule;
				SWIFT_OPTIMIZATION_LEVEL = "-O";
				VALIDATE_PRODUCT = YES;
			};
			name = Release;
		};
		7C1B5453293CB30E004B5EF0 /* Debug */ = {
			isa = XCBuildConfiguration;
			buildSettings = {
				ASSETCATALOG_COMPILER_APPICON_NAME = AppIcon;
				ASSETCATALOG_COMPILER_GLOBAL_ACCENT_COLOR_NAME = AccentColor;
				CODE_SIGN_STYLE = Automatic;
				CURRENT_PROJECT_VERSION = 2;
				DEVELOPMENT_TEAM = 7HAJV4F6VL;
				GENERATE_INFOPLIST_FILE = YES;
				INFOPLIST_FILE = PersonalLog/Info.plist;
				INFOPLIST_KEY_CFBundleDisplayName = "Personal Log";
				INFOPLIST_KEY_UIApplicationSupportsIndirectInputEvents = YES;
				INFOPLIST_KEY_UILaunchStoryboardName = LaunchScreen;
				INFOPLIST_KEY_UISupportedInterfaceOrientations_iPad = "UIInterfaceOrientationPortrait UIInterfaceOrientationPortraitUpsideDown UIInterfaceOrientationLandscapeLeft UIInterfaceOrientationLandscapeRight";
				INFOPLIST_KEY_UISupportedInterfaceOrientations_iPhone = "UIInterfaceOrientationPortrait UIInterfaceOrientationLandscapeLeft UIInterfaceOrientationLandscapeRight";
				LD_RUNPATH_SEARCH_PATHS = (
					"$(inherited)",
					"@executable_path/Frameworks",
				);
				MARKETING_VERSION = 1.1;
				PRODUCT_BUNDLE_IDENTIFIER = com.oldjewel.PersonalLogJournal;
				PRODUCT_NAME = "$(TARGET_NAME)";
				SUPPORTED_PLATFORMS = "iphoneos iphonesimulator";
				SUPPORTS_MACCATALYST = NO;
				SUPPORTS_MAC_DESIGNED_FOR_IPHONE_IPAD = NO;
				SWIFT_EMIT_LOC_STRINGS = YES;
				SWIFT_VERSION = 5.0;
				TARGETED_DEVICE_FAMILY = "1,2";
			};
			name = Debug;
		};
		7C1B5454293CB30E004B5EF0 /* Release */ = {
			isa = XCBuildConfiguration;
			buildSettings = {
				ASSETCATALOG_COMPILER_APPICON_NAME = AppIcon;
				ASSETCATALOG_COMPILER_GLOBAL_ACCENT_COLOR_NAME = AccentColor;
				CODE_SIGN_STYLE = Automatic;
				CURRENT_PROJECT_VERSION = 2;
				DEVELOPMENT_TEAM = 7HAJV4F6VL;
				GENERATE_INFOPLIST_FILE = YES;
				INFOPLIST_FILE = PersonalLog/Info.plist;
				INFOPLIST_KEY_CFBundleDisplayName = "Personal Log";
				INFOPLIST_KEY_UIApplicationSupportsIndirectInputEvents = YES;
				INFOPLIST_KEY_UILaunchStoryboardName = LaunchScreen;
				INFOPLIST_KEY_UISupportedInterfaceOrientations_iPad = "UIInterfaceOrientationPortrait UIInterfaceOrientationPortraitUpsideDown UIInterfaceOrientationLandscapeLeft UIInterfaceOrientationLandscapeRight";
				INFOPLIST_KEY_UISupportedInterfaceOrientations_iPhone = "UIInterfaceOrientationPortrait UIInterfaceOrientationLandscapeLeft UIInterfaceOrientationLandscapeRight";
				LD_RUNPATH_SEARCH_PATHS = (
					"$(inherited)",
					"@executable_path/Frameworks",
				);
				MARKETING_VERSION = 1.1;
				PRODUCT_BUNDLE_IDENTIFIER = com.oldjewel.PersonalLogJournal;
				PRODUCT_NAME = "$(TARGET_NAME)";
				SUPPORTED_PLATFORMS = "iphoneos iphonesimulator";
				SUPPORTS_MACCATALYST = NO;
				SUPPORTS_MAC_DESIGNED_FOR_IPHONE_IPAD = NO;
				SWIFT_EMIT_LOC_STRINGS = YES;
				SWIFT_VERSION = 5.0;
				TARGETED_DEVICE_FAMILY = "1,2";
			};
			name = Release;
		};
		7C1B5456293CB30E004B5EF0 /* Debug */ = {
			isa = XCBuildConfiguration;
			buildSettings = {
				ALWAYS_EMBED_SWIFT_STANDARD_LIBRARIES = YES;
				BUNDLE_LOADER = "$(TEST_HOST)";
				CODE_SIGN_STYLE = Automatic;
				CURRENT_PROJECT_VERSION = 1;
				DEVELOPMENT_TEAM = BU47XE2F27;
				GENERATE_INFOPLIST_FILE = YES;
				IPHONEOS_DEPLOYMENT_TARGET = 16.0;
				MARKETING_VERSION = 1.0;
				PRODUCT_BUNDLE_IDENTIFIER = josephwardell.PersonalLogTests;
				PRODUCT_NAME = "$(TARGET_NAME)";
				SWIFT_EMIT_LOC_STRINGS = NO;
				SWIFT_VERSION = 5.0;
				TARGETED_DEVICE_FAMILY = "1,2";
				TEST_HOST = "$(BUILT_PRODUCTS_DIR)/PersonalLog.app/$(BUNDLE_EXECUTABLE_FOLDER_PATH)/PersonalLog";
			};
			name = Debug;
		};
		7C1B5457293CB30E004B5EF0 /* Release */ = {
			isa = XCBuildConfiguration;
			buildSettings = {
				ALWAYS_EMBED_SWIFT_STANDARD_LIBRARIES = YES;
				BUNDLE_LOADER = "$(TEST_HOST)";
				CODE_SIGN_STYLE = Automatic;
				CURRENT_PROJECT_VERSION = 1;
				DEVELOPMENT_TEAM = BU47XE2F27;
				GENERATE_INFOPLIST_FILE = YES;
				IPHONEOS_DEPLOYMENT_TARGET = 16.0;
				MARKETING_VERSION = 1.0;
				PRODUCT_BUNDLE_IDENTIFIER = josephwardell.PersonalLogTests;
				PRODUCT_NAME = "$(TARGET_NAME)";
				SWIFT_EMIT_LOC_STRINGS = NO;
				SWIFT_VERSION = 5.0;
				TARGETED_DEVICE_FAMILY = "1,2";
				TEST_HOST = "$(BUILT_PRODUCTS_DIR)/PersonalLog.app/$(BUNDLE_EXECUTABLE_FOLDER_PATH)/PersonalLog";
			};
			name = Release;
		};
/* End XCBuildConfiguration section */

/* Begin XCConfigurationList section */
		7C1B5423293CB30D004B5EF0 /* Build configuration list for PBXProject "PersonalLog" */ = {
			isa = XCConfigurationList;
			buildConfigurations = (
				7C1B5450293CB30E004B5EF0 /* Debug */,
				7C1B5451293CB30E004B5EF0 /* Release */,
			);
			defaultConfigurationIsVisible = 0;
			defaultConfigurationName = Release;
		};
		7C1B5452293CB30E004B5EF0 /* Build configuration list for PBXNativeTarget "PersonalLog" */ = {
			isa = XCConfigurationList;
			buildConfigurations = (
				7C1B5453293CB30E004B5EF0 /* Debug */,
				7C1B5454293CB30E004B5EF0 /* Release */,
			);
			defaultConfigurationIsVisible = 0;
			defaultConfigurationName = Release;
		};
		7C1B5455293CB30E004B5EF0 /* Build configuration list for PBXNativeTarget "PersonalLogTests" */ = {
			isa = XCConfigurationList;
			buildConfigurations = (
				7C1B5456293CB30E004B5EF0 /* Debug */,
				7C1B5457293CB30E004B5EF0 /* Release */,
			);
			defaultConfigurationIsVisible = 0;
			defaultConfigurationName = Release;
		};
/* End XCConfigurationList section */
	};
	rootObject = 7C1B5420293CB30D004B5EF0 /* Project object */;
}
